
Microsoft Visual Studio Solution File, Format Version 12.00
# Visual Studio Version 17
VisualStudioVersion = 17.4.33213.308
MinimumVisualStudioVersion = 10.0.40219.1
Project("{9A19103F-16F7-4668-BE54-9A1E7A4F7556}") = "Entities", "Entities\Entities.csproj", "{8B153874-6B9C-47F1-808F-F66BAD36083C}"
EndProject
Project("{9A19103F-16F7-4668-BE54-9A1E7A4F7556}") = "DataAccess", "DataAccess\DataAccess.csproj", "{DB5374A7-D39A-4DEF-900C-917E1CB0DAB9}"
EndProject
Project("{9A19103F-16F7-4668-BE54-9A1E7A4F7556}") = "Business", "Business\Business.csproj", "{027FA960-137C-417B-A1C6-06DF07C6EC2D}"
EndProject
Project("{9A19103F-16F7-4668-BE54-9A1E7A4F7556}") = "Core", "Core\Core.csproj", "{B8888E3D-BE78-4C46-A387-BDE8A0CE2EC5}"
EndProject
Project("{FAE04EC0-301F-11D3-BF4B-00C04F79EFBC}") = "WebAPI", "WebAPI\WebAPI.csproj", "{7C77EED8-090F-4C1F-8EA8-71E5D750CB38}"
EndProject
Global
	GlobalSection(SolutionConfigurationPlatforms) = preSolution
		Debug|Any CPU = Debug|Any CPU
		Release|Any CPU = Release|Any CPU
	EndGlobalSection
	GlobalSection(ProjectConfigurationPlatforms) = postSolution
		{8B153874-6B9C-47F1-808F-F66BAD36083C}.Debug|Any CPU.ActiveCfg = Debug|Any CPU
		{8B153874-6B9C-47F1-808F-F66BAD36083C}.Debug|Any CPU.Build.0 = Debug|Any CPU
		{8B153874-6B9C-47F1-808F-F66BAD36083C}.Release|Any CPU.ActiveCfg = Release|Any CPU
		{8B153874-6B9C-47F1-808F-F66BAD36083C}.Release|Any CPU.Build.0 = Release|Any CPU
		{DB5374A7-D39A-4DEF-900C-917E1CB0DAB9}.Debug|Any CPU.ActiveCfg = Debug|Any CPU
		{DB5374A7-D39A-4DEF-900C-917E1CB0DAB9}.Debug|Any CPU.Build.0 = Debug|Any CPU
		{DB5374A7-D39A-4DEF-900C-917E1CB0DAB9}.Release|Any CPU.ActiveCfg = Release|Any CPU
		{DB5374A7-D39A-4DEF-900C-917E1CB0DAB9}.Release|Any CPU.Build.0 = Release|Any CPU
		{027FA960-137C-417B-A1C6-06DF07C6EC2D}.Debug|Any CPU.ActiveCfg = Debug|Any CPU
		{027FA960-137C-417B-A1C6-06DF07C6EC2D}.Debug|Any CPU.Build.0 = Debug|Any CPU
		{027FA960-137C-417B-A1C6-06DF07C6EC2D}.Release|Any CPU.ActiveCfg = Release|Any CPU
		{027FA960-137C-417B-A1C6-06DF07C6EC2D}.Release|Any CPU.Build.0 = Release|Any CPU
		{B8888E3D-BE78-4C46-A387-BDE8A0CE2EC5}.Debug|Any CPU.ActiveCfg = Debug|Any CPU
		{B8888E3D-BE78-4C46-A387-BDE8A0CE2EC5}.Debug|Any CPU.Build.0 = Debug|Any CPU
		{B8888E3D-BE78-4C46-A387-BDE8A0CE2EC5}.Release|Any CPU.ActiveCfg = Release|Any CPU
		{B8888E3D-BE78-4C46-A387-BDE8A0CE2EC5}.Release|Any CPU.Build.0 = Release|Any CPU
		{7C77EED8-090F-4C1F-8EA8-71E5D750CB38}.Debug|Any CPU.ActiveCfg = Debug|Any CPU
		{7C77EED8-090F-4C1F-8EA8-71E5D750CB38}.Debug|Any CPU.Build.0 = Debug|Any CPU
		{7C77EED8-090F-4C1F-8EA8-71E5D750CB38}.Release|Any CPU.ActiveCfg = Release|Any CPU
		{7C77EED8-090F-4C1F-8EA8-71E5D750CB38}.Release|Any CPU.Build.0 = Release|Any CPU
	EndGlobalSection
	GlobalSection(SolutionProperties) = preSolution
		HideSolutionNode = FALSE
	EndGlobalSection
	GlobalSection(ExtensibilityGlobals) = postSolution
		SolutionGuid = {10729633-EF89-49E5-ADEF-B4A5C79EB875}
	EndGlobalSection
EndGlobal
